# This file is automatically @generated by Wally.
# It is not intended for manual editing.
registry = "test"

[[package]]
name = "brittonfischer/profileservice"
version = "2.1.5"
dependencies = []

[[package]]
name = "evaera/matter"
version = "0.7.0"
dependencies = [["TestEZ", "roblox/testez@0.4.1"]]

[[package]]
name = "roblox/testez"
version = "0.4.1"
dependencies = []

[[package]]
name = "user/save-the-house-from-flamerchamp"
version = "0.1.0"
dependencies = [["matter", "evaera/matter@0.7.0"], ["profileservice", "brittonfischer/profileservice@2.1.5"]]
